
Microsoft Visual Studio Solution File, Format Version 12.00
# Visual Studio 2012
Project("{FAE04EC0-301F-11D3-BF4B-00C04F79EFBC}") = "firstProgramm", "firstProgramm\firstProgramm.csproj", "{0D0B1530-DFFB-409B-8AA2-F8D2F8B6C672}"
EndProject
Project("{FAE04EC0-301F-11D3-BF4B-00C04F79EFBC}") = "WindowsFormsApplication1", "WindowsFormsApplication1\WindowsFormsApplication1.csproj", "{4D4DE86A-1908-4311-8A1E-AC89FF7BB1AF}"
EndProject
Project("{FAE04EC0-301F-11D3-BF4B-00C04F79EFBC}") = "FlashyThing", "FlashyThing\FlashyThing.csproj", "{BA7DFA4A-377D-49BB-9E60-0ACF2227E1AD}"
EndProject
Project("{FAE04EC0-301F-11D3-BF4B-00C04F79EFBC}") = "Joe and Bob", "Joe and Bob\Joe and Bob.csproj", "{7E40723C-57C4-45FB-9FC1-A4E5E638D6BF}"
EndProject
Project("{FAE04EC0-301F-11D3-BF4B-00C04F79EFBC}") = "Meliage Calculator", "Meliage Calculator\Meliage Calculator.csproj", "{B79F5FC4-548A-4504-81FE-A748968E84D4}"
EndProject
Project("{FAE04EC0-301F-11D3-BF4B-00C04F79EFBC}") = "MenuMaker", "MenuMaker\MenuMaker.csproj", "{59ACFB44-BA43-4C0F-A078-299701AF216A}"
EndProject
Project("{FAE04EC0-301F-11D3-BF4B-00C04F79EFBC}") = "Cow calculator", "Cow calculator\Cow calculator.csproj", "{F1B64D65-CE53-457D-9A5C-5E9AE46594BB}"
EndProject
Project("{FAE04EC0-301F-11D3-BF4B-00C04F79EFBC}") = "Jewels", "Jewels\Jewels.csproj", "{B3117EBE-70DC-4E70-9C2B-6D976B013F22}"
EndProject
Global
	GlobalSection(SolutionConfigurationPlatforms) = preSolution
		Debug|Any CPU = Debug|Any CPU
		Debug|Mixed Platforms = Debug|Mixed Platforms
		Debug|Win32 = Debug|Win32
		Release|Any CPU = Release|Any CPU
		Release|Mixed Platforms = Release|Mixed Platforms
		Release|Win32 = Release|Win32
	EndGlobalSection
	GlobalSection(ProjectConfigurationPlatforms) = postSolution
		{0D0B1530-DFFB-409B-8AA2-F8D2F8B6C672}.Debug|Any CPU.ActiveCfg = Debug|Any CPU
		{0D0B1530-DFFB-409B-8AA2-F8D2F8B6C672}.Debug|Any CPU.Build.0 = Debug|Any CPU
		{0D0B1530-DFFB-409B-8AA2-F8D2F8B6C672}.Debug|Mixed Platforms.ActiveCfg = Debug|Any CPU
		{0D0B1530-DFFB-409B-8AA2-F8D2F8B6C672}.Debug|Mixed Platforms.Build.0 = Debug|Any CPU
		{0D0B1530-DFFB-409B-8AA2-F8D2F8B6C672}.Debug|Win32.ActiveCfg = Debug|Any CPU
		{0D0B1530-DFFB-409B-8AA2-F8D2F8B6C672}.Release|Any CPU.ActiveCfg = Release|Any CPU
		{0D0B1530-DFFB-409B-8AA2-F8D2F8B6C672}.Release|Any CPU.Build.0 = Release|Any CPU
		{0D0B1530-DFFB-409B-8AA2-F8D2F8B6C672}.Release|Mixed Platforms.ActiveCfg = Release|Any CPU
		{0D0B1530-DFFB-409B-8AA2-F8D2F8B6C672}.Release|Mixed Platforms.Build.0 = Release|Any CPU
		{0D0B1530-DFFB-409B-8AA2-F8D2F8B6C672}.Release|Win32.ActiveCfg = Release|Any CPU
		{4D4DE86A-1908-4311-8A1E-AC89FF7BB1AF}.Debug|Any CPU.ActiveCfg = Debug|Any CPU
		{4D4DE86A-1908-4311-8A1E-AC89FF7BB1AF}.Debug|Any CPU.Build.0 = Debug|Any CPU
		{4D4DE86A-1908-4311-8A1E-AC89FF7BB1AF}.Debug|Mixed Platforms.ActiveCfg = Debug|Any CPU
		{4D4DE86A-1908-4311-8A1E-AC89FF7BB1AF}.Debug|Mixed Platforms.Build.0 = Debug|Any CPU
		{4D4DE86A-1908-4311-8A1E-AC89FF7BB1AF}.Debug|Win32.ActiveCfg = Debug|Any CPU
		{4D4DE86A-1908-4311-8A1E-AC89FF7BB1AF}.Release|Any CPU.ActiveCfg = Release|Any CPU
		{4D4DE86A-1908-4311-8A1E-AC89FF7BB1AF}.Release|Any CPU.Build.0 = Release|Any CPU
		{4D4DE86A-1908-4311-8A1E-AC89FF7BB1AF}.Release|Mixed Platforms.ActiveCfg = Release|Any CPU
		{4D4DE86A-1908-4311-8A1E-AC89FF7BB1AF}.Release|Mixed Platforms.Build.0 = Release|Any CPU
		{4D4DE86A-1908-4311-8A1E-AC89FF7BB1AF}.Release|Win32.ActiveCfg = Release|Any CPU
		{BA7DFA4A-377D-49BB-9E60-0ACF2227E1AD}.Debug|Any CPU.ActiveCfg = Debug|Any CPU
		{BA7DFA4A-377D-49BB-9E60-0ACF2227E1AD}.Debug|Any CPU.Build.0 = Debug|Any CPU
		{BA7DFA4A-377D-49BB-9E60-0ACF2227E1AD}.Debug|Mixed Platforms.ActiveCfg = Debug|Any CPU
		{BA7DFA4A-377D-49BB-9E60-0ACF2227E1AD}.Debug|Mixed Platforms.Build.0 = Debug|Any CPU
		{BA7DFA4A-377D-49BB-9E60-0ACF2227E1AD}.Debug|Win32.ActiveCfg = Debug|Any CPU
		{BA7DFA4A-377D-49BB-9E60-0ACF2227E1AD}.Release|Any CPU.ActiveCfg = Release|Any CPU
		{BA7DFA4A-377D-49BB-9E60-0ACF2227E1AD}.Release|Any CPU.Build.0 = Release|Any CPU
		{BA7DFA4A-377D-49BB-9E60-0ACF2227E1AD}.Release|Mixed Platforms.ActiveCfg = Release|Any CPU
		{BA7DFA4A-377D-49BB-9E60-0ACF2227E1AD}.Release|Mixed Platforms.Build.0 = Release|Any CPU
		{BA7DFA4A-377D-49BB-9E60-0ACF2227E1AD}.Release|Win32.ActiveCfg = Release|Any CPU
		{7E40723C-57C4-45FB-9FC1-A4E5E638D6BF}.Debug|Any CPU.ActiveCfg = Debug|Any CPU
		{7E40723C-57C4-45FB-9FC1-A4E5E638D6BF}.Debug|Any CPU.Build.0 = Debug|Any CPU
		{7E40723C-57C4-45FB-9FC1-A4E5E638D6BF}.Debug|Mixed Platforms.ActiveCfg = Debug|Any CPU
		{7E40723C-57C4-45FB-9FC1-A4E5E638D6BF}.Debug|Mixed Platforms.Build.0 = Debug|Any CPU
		{7E40723C-57C4-45FB-9FC1-A4E5E638D6BF}.Debug|Win32.ActiveCfg = Debug|Any CPU
		{7E40723C-57C4-45FB-9FC1-A4E5E638D6BF}.Release|Any CPU.ActiveCfg = Release|Any CPU
		{7E40723C-57C4-45FB-9FC1-A4E5E638D6BF}.Release|Any CPU.Build.0 = Release|Any CPU
		{7E40723C-57C4-45FB-9FC1-A4E5E638D6BF}.Release|Mixed Platforms.ActiveCfg = Release|Any CPU
		{7E40723C-57C4-45FB-9FC1-A4E5E638D6BF}.Release|Mixed Platforms.Build.0 = Release|Any CPU
		{7E40723C-57C4-45FB-9FC1-A4E5E638D6BF}.Release|Win32.ActiveCfg = Release|Any CPU
		{B79F5FC4-548A-4504-81FE-A748968E84D4}.Debug|Any CPU.ActiveCfg = Debug|Any CPU
		{B79F5FC4-548A-4504-81FE-A748968E84D4}.Debug|Any CPU.Build.0 = Debug|Any CPU
		{B79F5FC4-548A-4504-81FE-A748968E84D4}.Debug|Mixed Platforms.ActiveCfg = Debug|Any CPU
		{B79F5FC4-548A-4504-81FE-A748968E84D4}.Debug|Mixed Platforms.Build.0 = Debug|Any CPU
		{B79F5FC4-548A-4504-81FE-A748968E84D4}.Debug|Win32.ActiveCfg = Debug|Any CPU
		{B79F5FC4-548A-4504-81FE-A748968E84D4}.Release|Any CPU.ActiveCfg = Release|Any CPU
		{B79F5FC4-548A-4504-81FE-A748968E84D4}.Release|Any CPU.Build.0 = Release|Any CPU
		{B79F5FC4-548A-4504-81FE-A748968E84D4}.Release|Mixed Platforms.ActiveCfg = Release|Any CPU
		{B79F5FC4-548A-4504-81FE-A748968E84D4}.Release|Mixed Platforms.Build.0 = Release|Any CPU
		{B79F5FC4-548A-4504-81FE-A748968E84D4}.Release|Win32.ActiveCfg = Release|Any CPU
		{59ACFB44-BA43-4C0F-A078-299701AF216A}.Debug|Any CPU.ActiveCfg = Debug|Any CPU
		{59ACFB44-BA43-4C0F-A078-299701AF216A}.Debug|Any CPU.Build.0 = Debug|Any CPU
		{59ACFB44-BA43-4C0F-A078-299701AF216A}.Debug|Mixed Platforms.ActiveCfg = Debug|Any CPU
		{59ACFB44-BA43-4C0F-A078-299701AF216A}.Debug|Mixed Platforms.Build.0 = Debug|Any CPU
		{59ACFB44-BA43-4C0F-A078-299701AF216A}.Debug|Win32.ActiveCfg = Debug|Any CPU
		{59ACFB44-BA43-4C0F-A078-299701AF216A}.Release|Any CPU.ActiveCfg = Release|Any CPU
		{59ACFB44-BA43-4C0F-A078-299701AF216A}.Release|Any CPU.Build.0 = Release|Any CPU
		{59ACFB44-BA43-4C0F-A078-299701AF216A}.Release|Mixed Platforms.ActiveCfg = Release|Any CPU
		{59ACFB44-BA43-4C0F-A078-299701AF216A}.Release|Mixed Platforms.Build.0 = Release|Any CPU
		{59ACFB44-BA43-4C0F-A078-299701AF216A}.Release|Win32.ActiveCfg = Release|Any CPU
		{F1B64D65-CE53-457D-9A5C-5E9AE46594BB}.Debug|Any CPU.ActiveCfg = Debug|Any CPU
		{F1B64D65-CE53-457D-9A5C-5E9AE46594BB}.Debug|Any CPU.Build.0 = Debug|Any CPU
		{F1B64D65-CE53-457D-9A5C-5E9AE46594BB}.Debug|Mixed Platforms.ActiveCfg = Debug|Any CPU
		{F1B64D65-CE53-457D-9A5C-5E9AE46594BB}.Debug|Mixed Platforms.Build.0 = Debug|Any CPU
		{F1B64D65-CE53-457D-9A5C-5E9AE46594BB}.Debug|Win32.ActiveCfg = Debug|Any CPU
		{F1B64D65-CE53-457D-9A5C-5E9AE46594BB}.Release|Any CPU.ActiveCfg = Release|Any CPU
		{F1B64D65-CE53-457D-9A5C-5E9AE46594BB}.Release|Any CPU.Build.0 = Release|Any CPU
		{F1B64D65-CE53-457D-9A5C-5E9AE46594BB}.Release|Mixed Platforms.ActiveCfg = Release|Any CPU
		{F1B64D65-CE53-457D-9A5C-5E9AE46594BB}.Release|Mixed Platforms.Build.0 = Release|Any CPU
		{F1B64D65-CE53-457D-9A5C-5E9AE46594BB}.Release|Win32.ActiveCfg = Release|Any CPU
		{B3117EBE-70DC-4E70-9C2B-6D976B013F22}.Debug|Any CPU.ActiveCfg = Debug|Any CPU
		{B3117EBE-70DC-4E70-9C2B-6D976B013F22}.Debug|Any CPU.Build.0 = Debug|Any CPU
		{B3117EBE-70DC-4E70-9C2B-6D976B013F22}.Debug|Mixed Platforms.ActiveCfg = Debug|Any CPU
		{B3117EBE-70DC-4E70-9C2B-6D976B013F22}.Debug|Mixed Platforms.Build.0 = Debug|Any CPU
		{B3117EBE-70DC-4E70-9C2B-6D976B013F22}.Debug|Win32.ActiveCfg = Debug|Any CPU
		{B3117EBE-70DC-4E70-9C2B-6D976B013F22}.Release|Any CPU.ActiveCfg = Release|Any CPU
		{B3117EBE-70DC-4E70-9C2B-6D976B013F22}.Release|Any CPU.Build.0 = Release|Any CPU
		{B3117EBE-70DC-4E70-9C2B-6D976B013F22}.Release|Mixed Platforms.ActiveCfg = Release|Any CPU
		{B3117EBE-70DC-4E70-9C2B-6D976B013F22}.Release|Mixed Platforms.Build.0 = Release|Any CPU
		{B3117EBE-70DC-4E70-9C2B-6D976B013F22}.Release|Win32.ActiveCfg = Release|Any CPU
	EndGlobalSection
	GlobalSection(SolutionProperties) = preSolution
		HideSolutionNode = FALSE
	EndGlobalSection
EndGlobal
