
Microsoft Visual Studio Solution File, Format Version 12.00
# Visual Studio 2012
Project("{FAE04EC0-301F-11D3-BF4B-00C04F79EFBC}") = "firstProgramm", "firstProgramm\firstProgramm.csproj", "{0D0B1530-DFFB-409B-8AA2-F8D2F8B6C672}"
EndProject
Project("{FAE04EC0-301F-11D3-BF4B-00C04F79EFBC}") = "WindowsFormsApplication1", "WindowsFormsApplication1\WindowsFormsApplication1.csproj", "{4D4DE86A-1908-4311-8A1E-AC89FF7BB1AF}"
EndProject
Project("{FAE04EC0-301F-11D3-BF4B-00C04F79EFBC}") = "FlashyThing", "FlashyThing\FlashyThing.csproj", "{BA7DFA4A-377D-49BB-9E60-0ACF2227E1AD}"
EndProject
Global
	GlobalSection(SolutionConfigurationPlatforms) = preSolution
		Debug|Any CPU = Debug|Any CPU
		Release|Any CPU = Release|Any CPU
	EndGlobalSection
	GlobalSection(ProjectConfigurationPlatforms) = postSolution
		{0D0B1530-DFFB-409B-8AA2-F8D2F8B6C672}.Debug|Any CPU.ActiveCfg = Debug|Any CPU
		{0D0B1530-DFFB-409B-8AA2-F8D2F8B6C672}.Debug|Any CPU.Build.0 = Debug|Any CPU
		{0D0B1530-DFFB-409B-8AA2-F8D2F8B6C672}.Release|Any CPU.ActiveCfg = Release|Any CPU
		{0D0B1530-DFFB-409B-8AA2-F8D2F8B6C672}.Release|Any CPU.Build.0 = Release|Any CPU
		{4D4DE86A-1908-4311-8A1E-AC89FF7BB1AF}.Debug|Any CPU.ActiveCfg = Debug|Any CPU
		{4D4DE86A-1908-4311-8A1E-AC89FF7BB1AF}.Debug|Any CPU.Build.0 = Debug|Any CPU
		{4D4DE86A-1908-4311-8A1E-AC89FF7BB1AF}.Release|Any CPU.ActiveCfg = Release|Any CPU
		{4D4DE86A-1908-4311-8A1E-AC89FF7BB1AF}.Release|Any CPU.Build.0 = Release|Any CPU
		{BA7DFA4A-377D-49BB-9E60-0ACF2227E1AD}.Debug|Any CPU.ActiveCfg = Debug|Any CPU
		{BA7DFA4A-377D-49BB-9E60-0ACF2227E1AD}.Debug|Any CPU.Build.0 = Debug|Any CPU
		{BA7DFA4A-377D-49BB-9E60-0ACF2227E1AD}.Release|Any CPU.ActiveCfg = Release|Any CPU
		{BA7DFA4A-377D-49BB-9E60-0ACF2227E1AD}.Release|Any CPU.Build.0 = Release|Any CPU
	EndGlobalSection
	GlobalSection(SolutionProperties) = preSolution
		HideSolutionNode = FALSE
	EndGlobalSection
EndGlobal
